
Microsoft Visual Studio Solution File, Format Version 12.00
# Visual Studio Version 16
VisualStudioVersion = 16.0.31424.327
MinimumVisualStudioVersion = 10.0.40219.1
Project("{9B12B636-32F3-4AD7-8EED-D33633F8D8EC}") = "cefSample02", "cefSample02\cefSample02.vcxproj", "{373A0A01-E2A8-4B70-914A-6548476FCB2B}"
EndProject
Global
	GlobalSection(SolutionConfigurationPlatforms) = preSolution
		Debug|x64 = Debug|x64
		Debug|x86 = Debug|x86
		Release|x64 = Release|x64
		Release|x86 = Release|x86
	EndGlobalSection
	GlobalSection(ProjectConfigurationPlatforms) = postSolution
		{373A0A01-E2A8-4B70-914A-6548476FCB2B}.Debug|x64.ActiveCfg = Debug|x64
		{373A0A01-E2A8-4B70-914A-6548476FCB2B}.Debug|x64.Build.0 = Debug|x64
		{373A0A01-E2A8-4B70-914A-6548476FCB2B}.Debug|x86.ActiveCfg = Debug|Win32
		{373A0A01-E2A8-4B70-914A-6548476FCB2B}.Debug|x86.Build.0 = Debug|Win32
		{373A0A01-E2A8-4B70-914A-6548476FCB2B}.Release|x64.ActiveCfg = Release|x64
		{373A0A01-E2A8-4B70-914A-6548476FCB2B}.Release|x64.Build.0 = Release|x64
		{373A0A01-E2A8-4B70-914A-6548476FCB2B}.Release|x86.ActiveCfg = Release|Win32
		{373A0A01-E2A8-4B70-914A-6548476FCB2B}.Release|x86.Build.0 = Release|Win32
	EndGlobalSection
	GlobalSection(SolutionProperties) = preSolution
		HideSolutionNode = FALSE
	EndGlobalSection
	GlobalSection(ExtensibilityGlobals) = postSolution
		SolutionGuid = {5926B570-91DF-4033-8483-94538AE4E1D0}
	EndGlobalSection
EndGlobal
